
Microsoft Visual Studio Solution File, Format Version 12.00
# Visual Studio Version 16
VisualStudioVersion = 16.0.28803.202
MinimumVisualStudioVersion = 10.0.40219.1
Project("{FAE04EC0-301F-11D3-BF4B-00C04F79EFBC}") = "Guild Goals", "Goal Wars\Guild Goals.csproj", "{D2865406-6C38-418E-A1F5-6C9DA5F23255}"
EndProject
Global
	GlobalSection(SolutionConfigurationPlatforms) = preSolution
		Debug|Any CPU = Debug|Any CPU
		Release|Any CPU = Release|Any CPU
	EndGlobalSection
	GlobalSection(ProjectConfigurationPlatforms) = postSolution
		{D2865406-6C38-418E-A1F5-6C9DA5F23255}.Debug|Any CPU.ActiveCfg = Debug|Any CPU
		{D2865406-6C38-418E-A1F5-6C9DA5F23255}.Debug|Any CPU.Build.0 = Debug|Any CPU
		{D2865406-6C38-418E-A1F5-6C9DA5F23255}.Release|Any CPU.ActiveCfg = Release|Any CPU
		{D2865406-6C38-418E-A1F5-6C9DA5F23255}.Release|Any CPU.Build.0 = Release|Any CPU
	EndGlobalSection
	GlobalSection(SolutionProperties) = preSolution
		HideSolutionNode = FALSE
	EndGlobalSection
	GlobalSection(ExtensibilityGlobals) = postSolution
		SolutionGuid = {73AA6F49-6909-4DB4-931F-95BCC5885211}
	EndGlobalSection
EndGlobal
